
Microsoft Visual Studio Solution File, Format Version 12.00
# Visual Studio Version 16
VisualStudioVersion = 16.0.29519.87
MinimumVisualStudioVersion = 10.0.40219.1
Project("{FAE04EC0-301F-11D3-BF4B-00C04F79EFBC}") = "ascensore", "ascensore\ascensore.csproj", "{B9539FB2-B092-4226-9ACB-907B291B9B2F}"
EndProject
Global
	GlobalSection(SolutionConfigurationPlatforms) = preSolution
		Debug|Any CPU = Debug|Any CPU
		Release|Any CPU = Release|Any CPU
	EndGlobalSection
	GlobalSection(ProjectConfigurationPlatforms) = postSolution
		{B9539FB2-B092-4226-9ACB-907B291B9B2F}.Debug|Any CPU.ActiveCfg = Debug|Any CPU
		{B9539FB2-B092-4226-9ACB-907B291B9B2F}.Debug|Any CPU.Build.0 = Debug|Any CPU
		{B9539FB2-B092-4226-9ACB-907B291B9B2F}.Release|Any CPU.ActiveCfg = Release|Any CPU
		{B9539FB2-B092-4226-9ACB-907B291B9B2F}.Release|Any CPU.Build.0 = Release|Any CPU
	EndGlobalSection
	GlobalSection(SolutionProperties) = preSolution
		HideSolutionNode = FALSE
	EndGlobalSection
	GlobalSection(ExtensibilityGlobals) = postSolution
		SolutionGuid = {099D6B74-EE4C-4292-9F1D-44AC5858DC78}
	EndGlobalSection
EndGlobal
